{
  "name": "VT.ai",
  "lockfileVersion": 3,
  "requires": true,
  "packages": {
    "": {
      "dependencies": {
        "@types/react-router-dom": "^5.3.3",
        "react-router-dom": "^7.6.0"
      }
    },
    "node_modules/@types/history": {
      "version": "4.7.11",
      "resolved": "https://registry.npmjs.org/@types/history/-/history-4.7.11.tgz",
      "integrity": "sha512-qjDJRrmvBMiTx+jyLxvLfJU7UznFuokDv4f3WRuriHKERccVpFU+8XMQUAbDzoiJCsmexxRExQeMwwCdamSKDA==",
      "license": "MIT"
    },
    "node_modules/@types/react": {
      "version": "19.1.4",
      "resolved": "https://registry.npmjs.org/@types/react/-/react-19.1.4.tgz",
      "integrity": "sha512-EB1yiiYdvySuIITtD5lhW4yPyJ31RkJkkDw794LaQYrxCSaQV/47y5o1FMC4zF9ZyjUjzJMZwbovEnT5yHTW6g==",
      "license": "MIT",
      "dependencies": {
        "csstype": "^3.0.2"
      }
    },
    "node_modules/@types/react-router": {
      "version": "5.1.20",
      "resolved": "https://registry.npmjs.org/@types/react-router/-/react-router-5.1.20.tgz",
      "integrity": "sha512-jGjmu/ZqS7FjSH6owMcD5qpq19+1RS9DeVRqfl1FeBMxTDQAGwlMWOcs52NDoXaNKyG3d1cYQFMs9rCrb88o9Q==",
      "license": "MIT",
      "dependencies": {
        "@types/history": "^4.7.11",
        "@types/react": "*"
      }
    },
    "node_modules/@types/react-router-dom": {
      "version": "5.3.3",
      "resolved": "https://registry.npmjs.org/@types/react-router-dom/-/react-router-dom-5.3.3.tgz",
      "integrity": "sha512-kpqnYK4wcdm5UaWI3fLcELopqLrHgLqNsdpHauzlQktfkHL3npOSwtj1Uz9oKBAzs7lFtVkV8j83voAz2D8fhw==",
      "license": "MIT",
      "dependencies": {
        "@types/history": "^4.7.11",
        "@types/react": "*",
        "@types/react-router": "*"
      }
    },
    "node_modules/cookie": {
      "version": "1.0.2",
      "resolved": "https://registry.npmjs.org/cookie/-/cookie-1.0.2.tgz",
      "integrity": "sha512-9Kr/j4O16ISv8zBBhJoi4bXOYNTkFLOqSL3UDB0njXxCXNezjeyVrJyGOWtgfs/q2km1gwBcfH8q1yEGoMYunA==",
      "license": "MIT",
      "engines": {
        "node": ">=18"
      }
    },
    "node_modules/csstype": {
      "version": "3.1.3",
      "resolved": "https://registry.npmjs.org/csstype/-/csstype-3.1.3.tgz",
      "integrity": "sha512-M1uQkMl8rQK/szD0LNhtqxIPLpimGm8sOBwU7lLnCpSbTyY3yeU1Vc7l4KT5zT4s/yOxHH5O7tIuuLOCnLADRw==",
      "license": "MIT"
    },
    "node_modules/react": {
      "version": "19.1.0",
      "resolved": "https://registry.npmjs.org/react/-/react-19.1.0.tgz",
      "integrity": "sha512-FS+XFBNvn3GTAWq26joslQgWNoFu08F4kl0J4CgdNKADkdSGXQyTCnKteIAJy96Br6YbpEU1LSzV5dYtjMkMDg==",
      "license": "MIT",
      "peer": true,
      "engines": {
        "node": ">=0.10.0"
      }
    },
    "node_modules/react-dom": {
      "version": "19.1.0",
      "resolved": "https://registry.npmjs.org/react-dom/-/react-dom-19.1.0.tgz",
      "integrity": "sha512-Xs1hdnE+DyKgeHJeJznQmYMIBG3TKIHJJT95Q58nHLSrElKlGQqDTR2HQ9fx5CN/Gk6Vh/kupBTDLU11/nDk/g==",
      "license": "MIT",
      "peer": true,
      "dependencies": {
        "scheduler": "^0.26.0"
      },
      "peerDependencies": {
        "react": "^19.1.0"
      }
    },
    "node_modules/react-router": {
      "version": "7.6.0",
      "resolved": "https://registry.npmjs.org/react-router/-/react-router-7.6.0.tgz",
      "integrity": "sha512-GGufuHIVCJDbnIAXP3P9Sxzq3UUsddG3rrI3ut1q6m0FI6vxVBF3JoPQ38+W/blslLH4a5Yutp8drkEpXoddGQ==",
      "license": "MIT",
      "dependencies": {
        "cookie": "^1.0.1",
        "set-cookie-parser": "^2.6.0"
      },
      "engines": {
        "node": ">=20.0.0"
      },
      "peerDependencies": {
        "react": ">=18",
        "react-dom": ">=18"
      },
      "peerDependenciesMeta": {
        "react-dom": {
          "optional": true
        }
      }
    },
    "node_modules/react-router-dom": {
      "version": "7.6.0",
      "resolved": "https://registry.npmjs.org/react-router-dom/-/react-router-dom-7.6.0.tgz",
      "integrity": "sha512-DYgm6RDEuKdopSyGOWZGtDfSm7Aofb8CCzgkliTjtu/eDuB0gcsv6qdFhhi8HdtmA+KHkt5MfZ5K2PdzjugYsA==",
      "license": "MIT",
      "dependencies": {
        "react-router": "7.6.0"
      },
      "engines": {
        "node": ">=20.0.0"
      },
      "peerDependencies": {
        "react": ">=18",
        "react-dom": ">=18"
      }
    },
    "node_modules/scheduler": {
      "version": "0.26.0",
      "resolved": "https://registry.npmjs.org/scheduler/-/scheduler-0.26.0.tgz",
      "integrity": "sha512-NlHwttCI/l5gCPR3D1nNXtWABUmBwvZpEQiD4IXSbIDq8BzLIK/7Ir5gTFSGZDUu37K5cMNp0hFtzO38sC7gWA==",
      "license": "MIT",
      "peer": true
    },
    "node_modules/set-cookie-parser": {
      "version": "2.7.1",
      "resolved": "https://registry.npmjs.org/set-cookie-parser/-/set-cookie-parser-2.7.1.tgz",
      "integrity": "sha512-IOc8uWeOZgnb3ptbCURJWNjWUPcO3ZnTTdzsurqERrP6nPyv+paC55vJM0LpOlT2ne+Ix+9+CRG1MNLlyZ4GjQ==",
      "license": "MIT"
    }
  }
}
